
Microsoft Visual Studio Solution File, Format Version 12.00
# Visual Studio Version 17
VisualStudioVersion = 17.6.33829.357
MinimumVisualStudioVersion = 10.0.40219.1
Project("{FAE04EC0-301F-11D3-BF4B-00C04F79EFBC}") = "ForaDeIntervalo", "ForaDeIntervalo\ForaDeIntervalo.csproj", "{B235D3B5-F518-406D-B46D-01414127D9B2}"
EndProject
Global
	GlobalSection(SolutionConfigurationPlatforms) = preSolution
		Debug|Any CPU = Debug|Any CPU
		Release|Any CPU = Release|Any CPU
	EndGlobalSection
	GlobalSection(ProjectConfigurationPlatforms) = postSolution
		{B235D3B5-F518-406D-B46D-01414127D9B2}.Debug|Any CPU.ActiveCfg = Debug|Any CPU
		{B235D3B5-F518-406D-B46D-01414127D9B2}.Debug|Any CPU.Build.0 = Debug|Any CPU
		{B235D3B5-F518-406D-B46D-01414127D9B2}.Release|Any CPU.ActiveCfg = Release|Any CPU
		{B235D3B5-F518-406D-B46D-01414127D9B2}.Release|Any CPU.Build.0 = Release|Any CPU
	EndGlobalSection
	GlobalSection(SolutionProperties) = preSolution
		HideSolutionNode = FALSE
	EndGlobalSection
	GlobalSection(ExtensibilityGlobals) = postSolution
		SolutionGuid = {C2CC941C-1B8B-4BFC-A99A-9D5C52EAFBA7}
	EndGlobalSection
EndGlobal
