
Microsoft Visual Studio Solution File, Format Version 12.00
# Visual Studio Version 17
VisualStudioVersion = 17.6.33829.357
MinimumVisualStudioVersion = 10.0.40219.1
Project("{FAE04EC0-301F-11D3-BF4B-00C04F79EFBC}") = "DadosDoRetangulo", "DadosDoRetangulo\DadosDoRetangulo.csproj", "{0BBEDC27-B398-4B78-8E9A-37B7B0C479DF}"
EndProject
Global
	GlobalSection(SolutionConfigurationPlatforms) = preSolution
		Debug|Any CPU = Debug|Any CPU
		Release|Any CPU = Release|Any CPU
	EndGlobalSection
	GlobalSection(ProjectConfigurationPlatforms) = postSolution
		{0BBEDC27-B398-4B78-8E9A-37B7B0C479DF}.Debug|Any CPU.ActiveCfg = Debug|Any CPU
		{0BBEDC27-B398-4B78-8E9A-37B7B0C479DF}.Debug|Any CPU.Build.0 = Debug|Any CPU
		{0BBEDC27-B398-4B78-8E9A-37B7B0C479DF}.Release|Any CPU.ActiveCfg = Release|Any CPU
		{0BBEDC27-B398-4B78-8E9A-37B7B0C479DF}.Release|Any CPU.Build.0 = Release|Any CPU
	EndGlobalSection
	GlobalSection(SolutionProperties) = preSolution
		HideSolutionNode = FALSE
	EndGlobalSection
	GlobalSection(ExtensibilityGlobals) = postSolution
		SolutionGuid = {A0F50BFB-BB50-426A-B570-00853AA8DCC9}
	EndGlobalSection
EndGlobal
