
Microsoft Visual Studio Solution File, Format Version 12.00
# Visual Studio Version 17
VisualStudioVersion = 17.6.33829.357
MinimumVisualStudioVersion = 10.0.40219.1
Project("{FAE04EC0-301F-11D3-BF4B-00C04F79EFBC}") = "ContandoAlunos", "ContandoAlunos\ContandoAlunos.csproj", "{4A6FCC11-3535-40D9-A567-0048F4CB632B}"
EndProject
Global
	GlobalSection(SolutionConfigurationPlatforms) = preSolution
		Debug|Any CPU = Debug|Any CPU
		Release|Any CPU = Release|Any CPU
	EndGlobalSection
	GlobalSection(ProjectConfigurationPlatforms) = postSolution
		{4A6FCC11-3535-40D9-A567-0048F4CB632B}.Debug|Any CPU.ActiveCfg = Debug|Any CPU
		{4A6FCC11-3535-40D9-A567-0048F4CB632B}.Debug|Any CPU.Build.0 = Debug|Any CPU
		{4A6FCC11-3535-40D9-A567-0048F4CB632B}.Release|Any CPU.ActiveCfg = Release|Any CPU
		{4A6FCC11-3535-40D9-A567-0048F4CB632B}.Release|Any CPU.Build.0 = Release|Any CPU
	EndGlobalSection
	GlobalSection(SolutionProperties) = preSolution
		HideSolutionNode = FALSE
	EndGlobalSection
	GlobalSection(ExtensibilityGlobals) = postSolution
		SolutionGuid = {FADF4AEA-01E8-496F-B5EF-BF231DB4D054}
	EndGlobalSection
EndGlobal
