
Microsoft Visual Studio Solution File, Format Version 12.00
# Visual Studio Version 17
VisualStudioVersion = 17.6.33829.357
MinimumVisualStudioVersion = 10.0.40219.1
Project("{FAE04EC0-301F-11D3-BF4B-00C04F79EFBC}") = "SalarioMedio", "SalarioMedio\SalarioMedio.csproj", "{655EB769-05EB-4D39-8B49-3B64A211B862}"
EndProject
Global
	GlobalSection(SolutionConfigurationPlatforms) = preSolution
		Debug|Any CPU = Debug|Any CPU
		Release|Any CPU = Release|Any CPU
	EndGlobalSection
	GlobalSection(ProjectConfigurationPlatforms) = postSolution
		{655EB769-05EB-4D39-8B49-3B64A211B862}.Debug|Any CPU.ActiveCfg = Debug|Any CPU
		{655EB769-05EB-4D39-8B49-3B64A211B862}.Debug|Any CPU.Build.0 = Debug|Any CPU
		{655EB769-05EB-4D39-8B49-3B64A211B862}.Release|Any CPU.ActiveCfg = Release|Any CPU
		{655EB769-05EB-4D39-8B49-3B64A211B862}.Release|Any CPU.Build.0 = Release|Any CPU
	EndGlobalSection
	GlobalSection(SolutionProperties) = preSolution
		HideSolutionNode = FALSE
	EndGlobalSection
	GlobalSection(ExtensibilityGlobals) = postSolution
		SolutionGuid = {1DE35F1D-F99A-468B-B0D3-884F02EE0269}
	EndGlobalSection
EndGlobal
